
Microsoft Visual Studio Solution File, Format Version 12.00
# Visual Studio Version 17
VisualStudioVersion = 17.10.35027.167
MinimumVisualStudioVersion = 10.0.40219.1
Project("{FAE04EC0-301F-11D3-BF4B-00C04F79EFBC}") = "21100602_EP", "21100602_EP\21100602_EP.csproj", "{DAB74902-9A38-417F-A196-C904EA72D9EF}"
EndProject
Global
	GlobalSection(SolutionConfigurationPlatforms) = preSolution
		Debug|Any CPU = Debug|Any CPU
		Release|Any CPU = Release|Any CPU
	EndGlobalSection
	GlobalSection(ProjectConfigurationPlatforms) = postSolution
		{DAB74902-9A38-417F-A196-C904EA72D9EF}.Debug|Any CPU.ActiveCfg = Debug|Any CPU
		{DAB74902-9A38-417F-A196-C904EA72D9EF}.Debug|Any CPU.Build.0 = Debug|Any CPU
		{DAB74902-9A38-417F-A196-C904EA72D9EF}.Release|Any CPU.ActiveCfg = Release|Any CPU
		{DAB74902-9A38-417F-A196-C904EA72D9EF}.Release|Any CPU.Build.0 = Release|Any CPU
	EndGlobalSection
	GlobalSection(SolutionProperties) = preSolution
		HideSolutionNode = FALSE
	EndGlobalSection
	GlobalSection(ExtensibilityGlobals) = postSolution
		SolutionGuid = {1E3464E9-50E1-495A-87C3-93182B9A006F}
	EndGlobalSection
EndGlobal
